
Microsoft Visual Studio Solution File, Format Version 12.00
# Visual Studio Version 17
VisualStudioVersion = 17.13.35825.156
MinimumVisualStudioVersion = 10.0.40219.1
Project("{FAE04EC0-301F-11D3-BF4B-00C04F79EFBC}") = "Shared", "Shared\Shared.csproj", "{CFC2ED57-0C73-42D7-8055-5CD72D36C887}"
EndProject
Project("{2150E333-8FDC-42A3-9474-1A3956D46DE8}") = "Transport", "Transport", "{6D2060F6-9F0D-4524-A3A4-FC727A9CA834}"
EndProject
Project("{FAE04EC0-301F-11D3-BF4B-00C04F79EFBC}") = "TransportStdioClient", "Transport\TransportStdioClient\TransportStdioClient.csproj", "{4292F14A-1C61-41F7-A86F-D5BF75A95F0C}"
EndProject
Project("{FAE04EC0-301F-11D3-BF4B-00C04F79EFBC}") = "TransportStdioServer", "Transport\TransportStdioServer\TransportStdioServer.csproj", "{1C3C873C-9C4B-4A38-A304-7219746F8DC1}"
EndProject
Project("{FAE04EC0-301F-11D3-BF4B-00C04F79EFBC}") = "TransportSseClient", "Transport\TransportSseClient\TransportSseClient.csproj", "{E5BD5706-97FB-4CAF-9D72-A3D41325F999}"
EndProject
Project("{FAE04EC0-301F-11D3-BF4B-00C04F79EFBC}") = "TransportSseServer", "Transport\TransportSseServer\TransportSseServer.csproj", "{2BDB3054-D0DC-F015-6791-6E93AF30FB97}"
EndProject
Project("{FAE04EC0-301F-11D3-BF4B-00C04F79EFBC}") = "InjectServer", "Inject\InjectServer\InjectServer.csproj", "{81531836-6C6F-45FA-95A5-5EB47043C695}"
EndProject
Project("{FAE04EC0-301F-11D3-BF4B-00C04F79EFBC}") = "InjectClient", "Inject\InjectClient\InjectClient.csproj", "{8190BDE9-83FD-4EAE-832A-50A495AD329F}"
EndProject
Project("{2150E333-8FDC-42A3-9474-1A3956D46DE8}") = "Inject", "Inject", "{02EA681E-C7D8-13C7-8484-4AC65E1B71E8}"
EndProject
Project("{FAE04EC0-301F-11D3-BF4B-00C04F79EFBC}") = "AiMcp1", "Skmcp\AiMcp1\AiMcp1.csproj", "{AC8C0905-8FD7-4EBA-A472-B0CA2FC52A0C}"
EndProject
Project("{2150E333-8FDC-42A3-9474-1A3956D46DE8}") = "Skmcp", "Skmcp", "{C74C71CF-809C-464D-93B4-601EE9832ECF}"
EndProject
Project("{FAE04EC0-301F-11D3-BF4B-00C04F79EFBC}") = "amap", "Skmcp\amap\amap.csproj", "{FE6913C4-B1F0-4B0A-9AFE-4EFC7646AECB}"
EndProject
Project("{2150E333-8FDC-42A3-9474-1A3956D46DE8}") = "Resources", "Resources", "{485EFA45-25BF-43FC-9A6E-21DCF38EA9CA}"
EndProject
Project("{FAE04EC0-301F-11D3-BF4B-00C04F79EFBC}") = "ResourceServer", "Resources\ResourceServer\ResourceServer.csproj", "{453D8B99-D9F6-43B1-A9D7-A07793F4F17B}"
EndProject
Project("{FAE04EC0-301F-11D3-BF4B-00C04F79EFBC}") = "ResourceClient", "Resources\ResourceClient\ResourceClient.csproj", "{C8FCE882-1AD5-4DAE-AF87-17B0A9822EF4}"
EndProject
Project("{FAE04EC0-301F-11D3-BF4B-00C04F79EFBC}") = "PromptsServer", "Prompts\PromptsServer\PromptsServer.csproj", "{595436C1-C2D8-4B74-B4CF-99745E0F30C0}"
EndProject
Project("{FAE04EC0-301F-11D3-BF4B-00C04F79EFBC}") = "PromptsClient", "Prompts\PromptsClient\PromptsClient.csproj", "{74336DA8-40BA-43A3-9249-5A84DB11BB1A}"
EndProject
Project("{2150E333-8FDC-42A3-9474-1A3956D46DE8}") = "Prompts", "Prompts", "{5B3DC760-1D03-49B7-82D7-EAC1ABE5A7FF}"
EndProject
Global
	GlobalSection(SolutionConfigurationPlatforms) = preSolution
		Debug|Any CPU = Debug|Any CPU
		Release|Any CPU = Release|Any CPU
	EndGlobalSection
	GlobalSection(ProjectConfigurationPlatforms) = postSolution
		{CFC2ED57-0C73-42D7-8055-5CD72D36C887}.Debug|Any CPU.ActiveCfg = Debug|Any CPU
		{CFC2ED57-0C73-42D7-8055-5CD72D36C887}.Debug|Any CPU.Build.0 = Debug|Any CPU
		{CFC2ED57-0C73-42D7-8055-5CD72D36C887}.Release|Any CPU.ActiveCfg = Release|Any CPU
		{CFC2ED57-0C73-42D7-8055-5CD72D36C887}.Release|Any CPU.Build.0 = Release|Any CPU
		{4292F14A-1C61-41F7-A86F-D5BF75A95F0C}.Debug|Any CPU.ActiveCfg = Debug|Any CPU
		{4292F14A-1C61-41F7-A86F-D5BF75A95F0C}.Debug|Any CPU.Build.0 = Debug|Any CPU
		{4292F14A-1C61-41F7-A86F-D5BF75A95F0C}.Release|Any CPU.ActiveCfg = Release|Any CPU
		{4292F14A-1C61-41F7-A86F-D5BF75A95F0C}.Release|Any CPU.Build.0 = Release|Any CPU
		{1C3C873C-9C4B-4A38-A304-7219746F8DC1}.Debug|Any CPU.ActiveCfg = Debug|Any CPU
		{1C3C873C-9C4B-4A38-A304-7219746F8DC1}.Debug|Any CPU.Build.0 = Debug|Any CPU
		{1C3C873C-9C4B-4A38-A304-7219746F8DC1}.Release|Any CPU.ActiveCfg = Release|Any CPU
		{1C3C873C-9C4B-4A38-A304-7219746F8DC1}.Release|Any CPU.Build.0 = Release|Any CPU
		{E5BD5706-97FB-4CAF-9D72-A3D41325F999}.Debug|Any CPU.ActiveCfg = Debug|Any CPU
		{E5BD5706-97FB-4CAF-9D72-A3D41325F999}.Debug|Any CPU.Build.0 = Debug|Any CPU
		{E5BD5706-97FB-4CAF-9D72-A3D41325F999}.Release|Any CPU.ActiveCfg = Release|Any CPU
		{E5BD5706-97FB-4CAF-9D72-A3D41325F999}.Release|Any CPU.Build.0 = Release|Any CPU
		{2BDB3054-D0DC-F015-6791-6E93AF30FB97}.Debug|Any CPU.ActiveCfg = Debug|Any CPU
		{2BDB3054-D0DC-F015-6791-6E93AF30FB97}.Debug|Any CPU.Build.0 = Debug|Any CPU
		{2BDB3054-D0DC-F015-6791-6E93AF30FB97}.Release|Any CPU.ActiveCfg = Release|Any CPU
		{2BDB3054-D0DC-F015-6791-6E93AF30FB97}.Release|Any CPU.Build.0 = Release|Any CPU
		{81531836-6C6F-45FA-95A5-5EB47043C695}.Debug|Any CPU.ActiveCfg = Debug|Any CPU
		{81531836-6C6F-45FA-95A5-5EB47043C695}.Debug|Any CPU.Build.0 = Debug|Any CPU
		{81531836-6C6F-45FA-95A5-5EB47043C695}.Release|Any CPU.ActiveCfg = Release|Any CPU
		{81531836-6C6F-45FA-95A5-5EB47043C695}.Release|Any CPU.Build.0 = Release|Any CPU
		{8190BDE9-83FD-4EAE-832A-50A495AD329F}.Debug|Any CPU.ActiveCfg = Debug|Any CPU
		{8190BDE9-83FD-4EAE-832A-50A495AD329F}.Debug|Any CPU.Build.0 = Debug|Any CPU
		{8190BDE9-83FD-4EAE-832A-50A495AD329F}.Release|Any CPU.ActiveCfg = Release|Any CPU
		{8190BDE9-83FD-4EAE-832A-50A495AD329F}.Release|Any CPU.Build.0 = Release|Any CPU
		{AC8C0905-8FD7-4EBA-A472-B0CA2FC52A0C}.Debug|Any CPU.ActiveCfg = Debug|Any CPU
		{AC8C0905-8FD7-4EBA-A472-B0CA2FC52A0C}.Debug|Any CPU.Build.0 = Debug|Any CPU
		{AC8C0905-8FD7-4EBA-A472-B0CA2FC52A0C}.Release|Any CPU.ActiveCfg = Release|Any CPU
		{AC8C0905-8FD7-4EBA-A472-B0CA2FC52A0C}.Release|Any CPU.Build.0 = Release|Any CPU
		{FE6913C4-B1F0-4B0A-9AFE-4EFC7646AECB}.Debug|Any CPU.ActiveCfg = Debug|Any CPU
		{FE6913C4-B1F0-4B0A-9AFE-4EFC7646AECB}.Debug|Any CPU.Build.0 = Debug|Any CPU
		{FE6913C4-B1F0-4B0A-9AFE-4EFC7646AECB}.Release|Any CPU.ActiveCfg = Release|Any CPU
		{FE6913C4-B1F0-4B0A-9AFE-4EFC7646AECB}.Release|Any CPU.Build.0 = Release|Any CPU
		{453D8B99-D9F6-43B1-A9D7-A07793F4F17B}.Debug|Any CPU.ActiveCfg = Debug|Any CPU
		{453D8B99-D9F6-43B1-A9D7-A07793F4F17B}.Debug|Any CPU.Build.0 = Debug|Any CPU
		{453D8B99-D9F6-43B1-A9D7-A07793F4F17B}.Release|Any CPU.ActiveCfg = Release|Any CPU
		{453D8B99-D9F6-43B1-A9D7-A07793F4F17B}.Release|Any CPU.Build.0 = Release|Any CPU
		{C8FCE882-1AD5-4DAE-AF87-17B0A9822EF4}.Debug|Any CPU.ActiveCfg = Debug|Any CPU
		{C8FCE882-1AD5-4DAE-AF87-17B0A9822EF4}.Debug|Any CPU.Build.0 = Debug|Any CPU
		{C8FCE882-1AD5-4DAE-AF87-17B0A9822EF4}.Release|Any CPU.ActiveCfg = Release|Any CPU
		{C8FCE882-1AD5-4DAE-AF87-17B0A9822EF4}.Release|Any CPU.Build.0 = Release|Any CPU
		{595436C1-C2D8-4B74-B4CF-99745E0F30C0}.Debug|Any CPU.ActiveCfg = Debug|Any CPU
		{595436C1-C2D8-4B74-B4CF-99745E0F30C0}.Debug|Any CPU.Build.0 = Debug|Any CPU
		{595436C1-C2D8-4B74-B4CF-99745E0F30C0}.Release|Any CPU.ActiveCfg = Release|Any CPU
		{595436C1-C2D8-4B74-B4CF-99745E0F30C0}.Release|Any CPU.Build.0 = Release|Any CPU
		{74336DA8-40BA-43A3-9249-5A84DB11BB1A}.Debug|Any CPU.ActiveCfg = Debug|Any CPU
		{74336DA8-40BA-43A3-9249-5A84DB11BB1A}.Debug|Any CPU.Build.0 = Debug|Any CPU
		{74336DA8-40BA-43A3-9249-5A84DB11BB1A}.Release|Any CPU.ActiveCfg = Release|Any CPU
		{74336DA8-40BA-43A3-9249-5A84DB11BB1A}.Release|Any CPU.Build.0 = Release|Any CPU
	EndGlobalSection
	GlobalSection(SolutionProperties) = preSolution
		HideSolutionNode = FALSE
	EndGlobalSection
	GlobalSection(NestedProjects) = preSolution
		{4292F14A-1C61-41F7-A86F-D5BF75A95F0C} = {6D2060F6-9F0D-4524-A3A4-FC727A9CA834}
		{1C3C873C-9C4B-4A38-A304-7219746F8DC1} = {6D2060F6-9F0D-4524-A3A4-FC727A9CA834}
		{E5BD5706-97FB-4CAF-9D72-A3D41325F999} = {6D2060F6-9F0D-4524-A3A4-FC727A9CA834}
		{2BDB3054-D0DC-F015-6791-6E93AF30FB97} = {6D2060F6-9F0D-4524-A3A4-FC727A9CA834}
		{81531836-6C6F-45FA-95A5-5EB47043C695} = {02EA681E-C7D8-13C7-8484-4AC65E1B71E8}
		{8190BDE9-83FD-4EAE-832A-50A495AD329F} = {02EA681E-C7D8-13C7-8484-4AC65E1B71E8}
		{AC8C0905-8FD7-4EBA-A472-B0CA2FC52A0C} = {C74C71CF-809C-464D-93B4-601EE9832ECF}
		{FE6913C4-B1F0-4B0A-9AFE-4EFC7646AECB} = {C74C71CF-809C-464D-93B4-601EE9832ECF}
		{453D8B99-D9F6-43B1-A9D7-A07793F4F17B} = {485EFA45-25BF-43FC-9A6E-21DCF38EA9CA}
		{C8FCE882-1AD5-4DAE-AF87-17B0A9822EF4} = {485EFA45-25BF-43FC-9A6E-21DCF38EA9CA}
		{595436C1-C2D8-4B74-B4CF-99745E0F30C0} = {5B3DC760-1D03-49B7-82D7-EAC1ABE5A7FF}
		{74336DA8-40BA-43A3-9249-5A84DB11BB1A} = {5B3DC760-1D03-49B7-82D7-EAC1ABE5A7FF}
	EndGlobalSection
	GlobalSection(ExtensibilityGlobals) = postSolution
		SolutionGuid = {F830F2D8-8503-4A20-9ABD-3505A184F8B0}
	EndGlobalSection
EndGlobal
